
Microsoft Visual Studio Solution File, Format Version 12.00
# Visual Studio Version 17
VisualStudioVersion = 17.8.34408.163
MinimumVisualStudioVersion = 10.0.40219.1
Project("{FAE04EC0-301F-11D3-BF4B-00C04F79EFBC}") = "TestDesktopApplicationFor360", "TestDesktopApplicationFor360\TestDesktopApplicationFor360.csproj", "{CCAAD26C-B25D-44B5-9157-038A13E279C5}"
EndProject
Global
	GlobalSection(SolutionConfigurationPlatforms) = preSolution
		Debug|Any CPU = Debug|Any CPU
		Release|Any CPU = Release|Any CPU
	EndGlobalSection
	GlobalSection(ProjectConfigurationPlatforms) = postSolution
		{CCAAD26C-B25D-44B5-9157-038A13E279C5}.Debug|Any CPU.ActiveCfg = Debug|Any CPU
		{CCAAD26C-B25D-44B5-9157-038A13E279C5}.Debug|Any CPU.Build.0 = Debug|Any CPU
		{CCAAD26C-B25D-44B5-9157-038A13E279C5}.Release|Any CPU.ActiveCfg = Release|Any CPU
		{CCAAD26C-B25D-44B5-9157-038A13E279C5}.Release|Any CPU.Build.0 = Release|Any CPU
	EndGlobalSection
	GlobalSection(SolutionProperties) = preSolution
		HideSolutionNode = FALSE
	EndGlobalSection
	GlobalSection(ExtensibilityGlobals) = postSolution
		SolutionGuid = {7F17C969-3E34-4C7B-970D-0932724F2565}
	EndGlobalSection
EndGlobal
